<?xml version="1.0" encoding="UTF-8" standalone="yes" ?>
<CodeBlocks_project_file>
	<FileVersion major="1" minor="6" />
	<Project>
		<Option title="lab6_SC" />
		<Option pch_mode="2" />
		<Option compiler="gcc" />
		<Build>
			<Target title="Debug">
				<Option output="bin/Debug/lab6_SC" prefix_auto="1" extension_auto="1" />
				<Option object_output="obj/Debug/" />
				<Option type="1" />
				<Option compiler="gcc" />
				<Compiler>
					<Add option="-g" />
					<Add directory="include" />
				</Compiler>
			</Target>
			<Target title="Release">
				<Option output="bin/Release/lab6_SC" prefix_auto="1" extension_auto="1" />
				<Option object_output="obj/Release/" />
				<Option type="1" />
				<Option compiler="gcc" />
				<Compiler>
					<Add option="-O2" />
					<Add directory="include" />
				</Compiler>
				<Linker>
					<Add option="-s" />
				</Linker>
			</Target>
		</Build>
		<Compiler>
			<Add option="-Wall" />
			<Add option="-fexceptions" />
		</Compiler>
		<Unit filename="include/Abonement.h" />
		<Unit filename="include/Client.h" />
		<Unit filename="include/Collection.h" />
		<Unit filename="include/SC.h" />
		<Unit filename="include/UException.h" />
		<Unit filename="include/order.h" />
		<Unit filename="include/service_price.h" />
		<Unit filename="main.cpp" />
		<Unit filename="src/Abonement.cpp" />
		<Unit filename="src/Client.cpp" />
		<Unit filename="src/Collection.cpp" />
		<Unit filename="src/SC.cpp" />
		<Unit filename="src/UException.cpp" />
		<Unit filename="src/order.cpp" />
		<Extensions>
			<code_completion />
			<envvars />
			<debugger />
			<lib_finder disable_auto="1" />
		</Extensions>
	</Project>
</CodeBlocks_project_file>
